// !$*UTF8*$!
{
	archiveVersion = 1;
	classes = {
	};
	objectVersion = 50;
	objects = {

/* Begin PBXBuildFile section */
		5242F5AF215350A0008BB273 /* AppDelegate.swift in Sources */ = {isa = PBXBuildFile; fileRef = 5242F5AE215350A0008BB273 /* AppDelegate.swift */; };
		5242F5B1215350A0008BB273 /* ViewController.swift in Sources */ = {isa = PBXBuildFile; fileRef = 5242F5B0215350A0008BB273 /* ViewController.swift */; };
		5242F5B4215350A0008BB273 /* Main.storyboard in Resources */ = {isa = PBXBuildFile; fileRef = 5242F5B2215350A0008BB273 /* Main.storyboard */; };
		5242F5B6215350A1008BB273 /* Assets.xcassets in Resources */ = {isa = PBXBuildFile; fileRef = 5242F5B5215350A1008BB273 /* Assets.xcassets */; };
		5242F5B9215350A1008BB273 /* LaunchScreen.storyboard in Resources */ = {isa = PBXBuildFile; fileRef = 5242F5B7215350A1008BB273 /* LaunchScreen.storyboard */; };
		5242F5C4215350A2008BB273 /* MutliDivisionTableViewUITests.swift in Sources */ = {isa = PBXBuildFile; fileRef = 5242F5C3215350A2008BB273 /* MutliDivisionTableViewUITests.swift */; };
/* End PBXBuildFile section */

/* Begin PBXContainerItemProxy section */
		5242F5C0215350A1008BB273 /* PBXContainerItemProxy */ = {
			isa = PBXContainerItemProxy;
			containerPortal = 5242F5A3215350A0008BB273 /* Project object */;
			proxyType = 1;
			remoteGlobalIDString = 5242F5AA215350A0008BB273;
			remoteInfo = MutliDivisionTableView;
		};
/* End PBXContainerItemProxy section */

/* Begin PBXFileReference section */
		5242F5AB215350A0008BB273 /* MutliDivisionTableView.app */ = {isa = PBXFileReference; explicitFileType = wrapper.application; includeInIndex = 0; path = MutliDivisionTableView.app; sourceTree = BUILT_PRODUCTS_DIR; };
		5242F5AE215350A0008BB273 /* AppDelegate.swift */ = {isa = PBXFileReference; lastKnownFileType = sourcecode.swift; path = AppDelegate.swift; sourceTree = "<group>"; };
		5242F5B0215350A0008BB273 /* ViewController.swift */ = {isa = PBXFileReference; lastKnownFileType = sourcecode.swift; path = ViewController.swift; sourceTree = "<group>"; };
		5242F5B3215350A0008BB273 /* Base */ = {isa = PBXFileReference; lastKnownFileType = file.storyboard; name = Base; path = Base.lproj/Main.storyboard; sourceTree = "<group>"; };
		5242F5B5215350A1008BB273 /* Assets.xcassets */ = {isa = PBXFileReference; lastKnownFileType = folder.assetcatalog; path = Assets.xcassets; sourceTree = "<group>"; };
		5242F5B8215350A1008BB273 /* Base */ = {isa = PBXFileReference; lastKnownFileType = file.storyboard; name = Base; path = Base.lproj/LaunchScreen.storyboard; sourceTree = "<group>"; };
		5242F5BA215350A1008BB273 /* Info.plist */ = {isa = PBXFileReference; lastKnownFileType = text.plist.xml; path = Info.plist; sourceTree = "<group>"; };
		5242F5BF215350A1008BB273 /* MutliDivisionTableViewUITests.xctest */ = {isa = PBXFileReference; explicitFileType = wrapper.cfbundle; includeInIndex = 0; path = MutliDivisionTableViewUITests.xctest; sourceTree = BUILT_PRODUCTS_DIR; };
		5242F5C3215350A2008BB273 /* MutliDivisionTableViewUITests.swift */ = {isa = PBXFileReference; lastKnownFileType = sourcecode.swift; path = MutliDivisionTableViewUITests.swift; sourceTree = "<group>"; };
		5242F5C5215350A2008BB273 /* Info.plist */ = {isa = PBXFileReference; lastKnownFileType = text.plist.xml; path = Info.plist; sourceTree = "<group>"; };
/* End PBXFileReference section */

/* Begin PBXFrameworksBuildPhase section */
		5242F5A8215350A0008BB273 /* Frameworks */ = {
			isa = PBXFrameworksBuildPhase;
			buildActionMask = 2147483647;
			files = (
			);
			runOnlyForDeploymentPostprocessing = 0;
		};
		5242F5BC215350A1008BB273 /* Frameworks */ = {
			isa = PBXFrameworksBuildPhase;
			buildActionMask = 2147483647;
			files = (
			);
			runOnlyForDeploymentPostprocessing = 0;
		};
/* End PBXFrameworksBuildPhase section */

/* Begin PBXGroup section */
		5242F5A2215350A0008BB273 = {
			isa = PBXGroup;
			children = (
				5242F5AD215350A0008BB273 /* MutliDivisionTableView */,
				5242F5C2215350A2008BB273 /* MutliDivisionTableViewUITests */,
				5242F5AC215350A0008BB273 /* Products */,
			);
			sourceTree = "<group>";
		};
		5242F5AC215350A0008BB273 /* Products */ = {
			isa = PBXGroup;
			children = (
				5242F5AB215350A0008BB273 /* MutliDivisionTableView.app */,
				5242F5BF215350A1008BB273 /* MutliDivisionTableViewUITests.xctest */,
			);
			name = Products;
			sourceTree = "<group>";
		};
		5242F5AD215350A0008BB273 /* MutliDivisionTableView */ = {
			isa = PBXGroup;
			children = (
				5242F5AE215350A0008BB273 /* AppDelegate.swift */,
				5242F5B0215350A0008BB273 /* ViewController.swift */,
				5242F5B2215350A0008BB273 /* Main.storyboard */,
				5242F5B5215350A1008BB273 /* Assets.xcassets */,
				5242F5B7215350A1008BB273 /* LaunchScreen.storyboard */,
				5242F5BA215350A1008BB273 /* Info.plist */,
			);
			path = MutliDivisionTableView;
			sourceTree = "<group>";
		};
		5242F5C2215350A2008BB273 /* MutliDivisionTableViewUITests */ = {
			isa = PBXGroup;
			children = (
				5242F5C3215350A2008BB273 /* MutliDivisionTableViewUITests.swift */,
				5242F5C5215350A2008BB273 /* Info.plist */,
			);
			path = MutliDivisionTableViewUITests;
			sourceTree = "<group>";
		};
/* End PBXGroup section */

/* Begin PBXNativeTarget section */
		5242F5AA215350A0008BB273 /* MutliDivisionTableView */ = {
			isa = PBXNativeTarget;
			buildConfigurationList = 5242F5C8215350A2008BB273 /* Build configuration list for PBXNativeTarget "MutliDivisionTableView" */;
			buildPhases = (
				5242F5A7215350A0008BB273 /* Sources */,
				5242F5A8215350A0008BB273 /* Frameworks */,
				5242F5A9215350A0008BB273 /* Resources */,
			);
			buildRules = (
			);
			dependencies = (
			);
			name = MutliDivisionTableView;
			productName = MutliDivisionTableView;
			productReference = 5242F5AB215350A0008BB273 /* MutliDivisionTableView.app */;
			productType = "com.apple.product-type.application";
		};
		5242F5BE215350A1008BB273 /* MutliDivisionTableViewUITests */ = {
			isa = PBXNativeTarget;
			buildConfigurationList = 5242F5CB215350A2008BB273 /* Build configuration list for PBXNativeTarget "MutliDivisionTableViewUITests" */;
			buildPhases = (
				5242F5BB215350A1008BB273 /* Sources */,
				5242F5BC215350A1008BB273 /* Frameworks */,
				5242F5BD215350A1008BB273 /* Resources */,
			);
			buildRules = (
			);
			dependencies = (
				5242F5C1215350A1008BB273 /* PBXTargetDependency */,
			);
			name = MutliDivisionTableViewUITests;
			productName = MutliDivisionTableViewUITests;
			productReference = 5242F5BF215350A1008BB273 /* MutliDivisionTableViewUITests.xctest */;
			productType = "com.apple.product-type.bundle.ui-testing";
		};
/* End PBXNativeTarget section */

/* Begin PBXProject section */
		5242F5A3215350A0008BB273 /* Project object */ = {
			isa = PBXProject;
			attributes = {
				LastSwiftUpdateCheck = 0930;
				LastUpgradeCheck = 0930;
				ORGANIZATIONNAME = "Vedas labs";
				TargetAttributes = {
					5242F5AA215350A0008BB273 = {
						CreatedOnToolsVersion = 9.3;
					};
					5242F5BE215350A1008BB273 = {
						CreatedOnToolsVersion = 9.3;
						TestTargetID = 5242F5AA215350A0008BB273;
					};
				};
			};
			buildConfigurationList = 5242F5A6215350A0008BB273 /* Build configuration list for PBXProject "MutliDivisionTableView" */;
			compatibilityVersion = "Xcode 9.3";
			developmentRegion = en;
			hasScannedForEncodings = 0;
			knownRegions = (
				en,
				Base,
			);
			mainGroup = 5242F5A2215350A0008BB273;
			productRefGroup = 5242F5AC215350A0008BB273 /* Products */;
			projectDirPath = "";
			projectRoot = "";
			targets = (
				5242F5AA215350A0008BB273 /* MutliDivisionTableView */,
				5242F5BE215350A1008BB273 /* MutliDivisionTableViewUITests */,
			);
		};
/* End PBXProject section */

/* Begin PBXResourcesBuildPhase section */
		5242F5A9215350A0008BB273 /* Resources */ = {
			isa = PBXResourcesBuildPhase;
			buildActionMask = 2147483647;
			files = (
				5242F5B9215350A1008BB273 /* LaunchScreen.storyboard in Resources */,
				5242F5B6215350A1008BB273 /* Assets.xcassets in Resources */,
				5242F5B4215350A0008BB273 /* Main.storyboard in Resources */,
			);
			runOnlyForDeploymentPostprocessing = 0;
		};
		5242F5BD215350A1008BB273 /* Resources */ = {
			isa = PBXResourcesBuildPhase;
			buildActionMask = 2147483647;
			files = (
			);
			runOnlyForDeploymentPostprocessing = 0;
		};
/* End PBXResourcesBuildPhase section */

/* Begin PBXSourcesBuildPhase section */
		5242F5A7215350A0008BB273 /* Sources */ = {
			isa = PBXSourcesBuildPhase;
			buildActionMask = 2147483647;
			files = (
				5242F5B1215350A0008BB273 /* ViewController.swift in Sources */,
				5242F5AF215350A0008BB273 /* AppDelegate.swift in Sources */,
			);
			runOnlyForDeploymentPostprocessing = 0;
		};
		5242F5BB215350A1008BB273 /* Sources */ = {
			isa = PBXSourcesBuildPhase;
			buildActionMask = 2147483647;
			files = (
				5242F5C4215350A2008BB273 /* MutliDivisionTableViewUITests.swift in Sources */,
			);
			runOnlyForDeploymentPostprocessing = 0;
		};
/* End PBXSourcesBuildPhase section */

/* Begin PBXTargetDependency section */
		5242F5C1215350A1008BB273 /* PBXTargetDependency */ = {
			isa = PBXTargetDependency;
			target = 5242F5AA215350A0008BB273 /* MutliDivisionTableView */;
			targetProxy = 5242F5C0215350A1008BB273 /* PBXContainerItemProxy */;
		};
/* End PBXTargetDependency section */

/* Begin PBXVariantGroup section */
		5242F5B2215350A0008BB273 /* Main.storyboard */ = {
			isa = PBXVariantGroup;
			children = (
				5242F5B3215350A0008BB273 /* Base */,
			);
			name = Main.storyboard;
			sourceTree = "<group>";
		};
		5242F5B7215350A1008BB273 /* LaunchScreen.storyboard */ = {
			isa = PBXVariantGroup;
			children = (
				5242F5B8215350A1008BB273 /* Base */,
			);
			name = LaunchScreen.storyboard;
			sourceTree = "<group>";
		};
/* End PBXVariantGroup section */

/* Begin XCBuildConfiguration section */
		5242F5C6215350A2008BB273 /* Debug */ = {
			isa = XCBuildConfiguration;
			buildSettings = {
				ALWAYS_SEARCH_USER_PATHS = NO;
				CLANG_ANALYZER_NONNULL = YES;
				CLANG_ANALYZER_NUMBER_OBJECT_CONVERSION = YES_AGGRESSIVE;
				CLANG_CXX_LANGUAGE_STANDARD = "gnu++14";
				CLANG_CXX_LIBRARY = "libc++";
				CLANG_ENABLE_MODULES = YES;
				CLANG_ENABLE_OBJC_ARC = YES;
				CLANG_ENABLE_OBJC_WEAK = YES;
				CLANG_WARN_BLOCK_CAPTURE_AUTORELEASING = YES;
				CLANG_WARN_BOOL_CONVERSION = YES;
				CLANG_WARN_COMMA = YES;
				CLANG_WARN_CONSTANT_CONVERSION = YES;
				CLANG_WARN_DEPRECATED_OBJC_IMPLEMENTATIONS = YES;
				CLANG_WARN_DIRECT_OBJC_ISA_USAGE = YES_ERROR;
				CLANG_WARN_DOCUMENTATION_COMMENTS = YES;
				CLANG_WARN_EMPTY_BODY = YES;
				CLANG_WARN_ENUM_CONVERSION = YES;
				CLANG_WARN_INFINITE_RECURSION = YES;
				CLANG_WARN_INT_CONVERSION = YES;
				CLANG_WARN_NON_LITERAL_NULL_CONVERSION = YES;
				CLANG_WARN_OBJC_IMPLICIT_RETAIN_SELF = YES;
				CLANG_WARN_OBJC_LITERAL_CONVERSION = YES;
				CLANG_WARN_OBJC_ROOT_CLASS = YES_ERROR;
				CLANG_WARN_RANGE_LOOP_ANALYSIS = YES;
				CLANG_WARN_STRICT_PROTOTYPES = YES;
				CLANG_WARN_SUSPICIOUS_MOVE = YES;
				CLANG_WARN_UNGUARDED_AVAILABILITY = YES_AGGRESSIVE;
				CLANG_WARN_UNREACHABLE_CODE = YES;
				CLANG_WARN__DUPLICATE_METHOD_MATCH = YES;
				CODE_SIGN_IDENTITY = "iPhone Developer";
				COPY_PHASE_STRIP = NO;
				DEBUG_INFORMATION_FORMAT = dwarf;
				ENABLE_STRICT_OBJC_MSGSEND = YES;
				ENABLE_TESTABILITY = YES;
				GCC_C_LANGUAGE_STANDARD = gnu11;
				GCC_DYNAMIC_NO_PIC = NO;
				GCC_NO_COMMON_BLOCKS = YES;
				GCC_OPTIMIZATION_LEVEL = 0;
				GCC_PREPROCESSOR_DEFINITIONS = (
					"DEBUG=1",
					"$(inherited)",
				);
				GCC_WARN_64_TO_32_BIT_CONVERSION = YES;
				GCC_WARN_ABOUT_RETURN_TYPE = YES_ERROR;
				GCC_WARN_UNDECLARED_SELECTOR = YES;
				GCC_WARN_UNINITIALIZED_AUTOS = YES_AGGRESSIVE;
				GCC_WARN_UNUSED_FUNCTION = YES;
				GCC_WARN_UNUSED_VARIABLE = YES;
				IPHONEOS_DEPLOYMENT_TARGET = 11.3;
				MTL_ENABLE_DEBUG_INFO = YES;
				ONLY_ACTIVE_ARCH = YES;
				SDKROOT = iphoneos;
				SWIFT_ACTIVE_COMPILATION_CONDITIONS = DEBUG;
				SWIFT_OPTIMIZATION_LEVEL = "-Onone";
			};
			name = Debug;
		};
		5242F5C7215350A2008BB273 /* Release */ = {
			isa = XCBuildConfiguration;
			buildSettings = {
				ALWAYS_SEARCH_USER_PATHS = NO;
				CLANG_ANALYZER_NONNULL = YES;
				CLANG_ANALYZER_NUMBER_OBJECT_CONVERSION = YES_AGGRESSIVE;
				CLANG_CXX_LANGUAGE_STANDARD = "gnu++14";
				CLANG_CXX_LIBRARY = "libc++";
				CLANG_ENABLE_MODULES = YES;
				CLANG_ENABLE_OBJC_ARC = YES;
				CLANG_ENABLE_OBJC_WEAK = YES;
				CLANG_WARN_BLOCK_CAPTURE_AUTORELEASING = YES;
				CLANG_WARN_BOOL_CONVERSION = YES;
				CLANG_WARN_COMMA = YES;
				CLANG_WARN_CONSTANT_CONVERSION = YES;
				CLANG_WARN_DEPRECATED_OBJC_IMPLEMENTATIONS = YES;
				CLANG_WARN_DIRECT_OBJC_ISA_USAGE = YES_ERROR;
				CLANG_WARN_DOCUMENTATION_COMMENTS = YES;
				CLANG_WARN_EMPTY_BODY = YES;
				CLANG_WARN_ENUM_CONVERSION = YES;
				CLANG_WARN_INFINITE_RECURSION = YES;
				CLANG_WARN_INT_CONVERSION = YES;
				CLANG_WARN_NON_LITERAL_NULL_CONVERSION = YES;
				CLANG_WARN_OBJC_IMPLICIT_RETAIN_SELF = YES;
				CLANG_WARN_OBJC_LITERAL_CONVERSION = YES;
				CLANG_WARN_OBJC_ROOT_CLASS = YES_ERROR;
				CLANG_WARN_RANGE_LOOP_ANALYSIS = YES;
				CLANG_WARN_STRICT_PROTOTYPES = YES;
				CLANG_WARN_SUSPICIOUS_MOVE = YES;
				CLANG_WARN_UNGUARDED_AVAILABILITY = YES_AGGRESSIVE;
				CLANG_WARN_UNREACHABLE_CODE = YES;
				CLANG_WARN__DUPLICATE_METHOD_MATCH = YES;
				CODE_SIGN_IDENTITY = "iPhone Developer";
				COPY_PHASE_STRIP = NO;
				DEBUG_INFORMATION_FORMAT = "dwarf-with-dsym";
				ENABLE_NS_ASSERTIONS = NO;
				ENABLE_STRICT_OBJC_MSGSEND = YES;
				GCC_C_LANGUAGE_STANDARD = gnu11;
				GCC_NO_COMMON_BLOCKS = YES;
				GCC_WARN_64_TO_32_BIT_CONVERSION = YES;
				GCC_WARN_ABOUT_RETURN_TYPE = YES_ERROR;
				GCC_WARN_UNDECLARED_SELECTOR = YES;
				GCC_WARN_UNINITIALIZED_AUTOS = YES_AGGRESSIVE;
				GCC_WARN_UNUSED_FUNCTION = YES;
				GCC_WARN_UNUSED_VARIABLE = YES;
				IPHONEOS_DEPLOYMENT_TARGET = 11.3;
				MTL_ENABLE_DEBUG_INFO = NO;
				SDKROOT = iphoneos;
				SWIFT_COMPILATION_MODE = wholemodule;
				SWIFT_OPTIMIZATION_LEVEL = "-O";
				VALIDATE_PRODUCT = YES;
			};
			name = Release;
		};
		5242F5C9215350A2008BB273 /* Debug */ = {
			isa = XCBuildConfiguration;
			buildSettings = {
				ASSETCATALOG_COMPILER_APPICON_NAME = AppIcon;
				CODE_SIGN_STYLE = Automatic;
				DEVELOPMENT_TEAM = ETJQSHNP5L;
				INFOPLIST_FILE = MutliDivisionTableView/Info.plist;
				LD_RUNPATH_SEARCH_PATHS = (
					"$(inherited)",
					"@executable_path/Frameworks",
				);
				PRODUCT_BUNDLE_IDENTIFIER = com.vedaslabs.MutliDivisionTableView;
				PRODUCT_NAME = "$(TARGET_NAME)";
				SWIFT_VERSION = 4.0;
				TARGETED_DEVICE_FAMILY = "1,2";
			};
			name = Debug;
		};
		5242F5CA215350A2008BB273 /* Release */ = {
			isa = XCBuildConfiguration;
			buildSettings = {
				ASSETCATALOG_COMPILER_APPICON_NAME = AppIcon;
				CODE_SIGN_STYLE = Automatic;
				DEVELOPMENT_TEAM = ETJQSHNP5L;
				INFOPLIST_FILE = MutliDivisionTableView/Info.plist;
				LD_RUNPATH_SEARCH_PATHS = (
					"$(inherited)",
					"@executable_path/Frameworks",
				);
				PRODUCT_BUNDLE_IDENTIFIER = com.vedaslabs.MutliDivisionTableView;
				PRODUCT_NAME = "$(TARGET_NAME)";
				SWIFT_VERSION = 4.0;
				TARGETED_DEVICE_FAMILY = "1,2";
			};
			name = Release;
		};
		5242F5CC215350A2008BB273 /* Debug */ = {
			isa = XCBuildConfiguration;
			buildSettings = {
				ALWAYS_EMBED_SWIFT_STANDARD_LIBRARIES = YES;
				CODE_SIGN_STYLE = Automatic;
				DEVELOPMENT_TEAM = ETJQSHNP5L;
				INFOPLIST_FILE = MutliDivisionTableViewUITests/Info.plist;
				LD_RUNPATH_SEARCH_PATHS = (
					"$(inherited)",
					"@executable_path/Frameworks",
					"@loader_path/Frameworks",
				);
				PRODUCT_BUNDLE_IDENTIFIER = com.vedaslabs.MutliDivisionTableViewUITests;
				PRODUCT_NAME = "$(TARGET_NAME)";
				SWIFT_VERSION = 4.0;
				TARGETED_DEVICE_FAMILY = "1,2";
				TEST_TARGET_NAME = MutliDivisionTableView;
			};
			name = Debug;
		};
		5242F5CD215350A2008BB273 /* Release */ = {
			isa = XCBuildConfiguration;
			buildSettings = {
				ALWAYS_EMBED_SWIFT_STANDARD_LIBRARIES = YES;
				CODE_SIGN_STYLE = Automatic;
				DEVELOPMENT_TEAM = ETJQSHNP5L;
				INFOPLIST_FILE = MutliDivisionTableViewUITests/Info.plist;
				LD_RUNPATH_SEARCH_PATHS = (
					"$(inherited)",
					"@executable_path/Frameworks",
					"@loader_path/Frameworks",
				);
				PRODUCT_BUNDLE_IDENTIFIER = com.vedaslabs.MutliDivisionTableViewUITests;
				PRODUCT_NAME = "$(TARGET_NAME)";
				SWIFT_VERSION = 4.0;
				TARGETED_DEVICE_FAMILY = "1,2";
				TEST_TARGET_NAME = MutliDivisionTableView;
			};
			name = Release;
		};
/* End XCBuildConfiguration section */

/* Begin XCConfigurationList section */
		5242F5A6215350A0008BB273 /* Build configuration list for PBXProject "MutliDivisionTableView" */ = {
			isa = XCConfigurationList;
			buildConfigurations = (
				5242F5C6215350A2008BB273 /* Debug */,
				5242F5C7215350A2008BB273 /* Release */,
			);
			defaultConfigurationIsVisible = 0;
			defaultConfigurationName = Release;
		};
		5242F5C8215350A2008BB273 /* Build configuration list for PBXNativeTarget "MutliDivisionTableView" */ = {
			isa = XCConfigurationList;
			buildConfigurations = (
				5242F5C9215350A2008BB273 /* Debug */,
				5242F5CA215350A2008BB273 /* Release */,
			);
			defaultConfigurationIsVisible = 0;
			defaultConfigurationName = Release;
		};
		5242F5CB215350A2008BB273 /* Build configuration list for PBXNativeTarget "MutliDivisionTableViewUITests" */ = {
			isa = XCConfigurationList;
			buildConfigurations = (
				5242F5CC215350A2008BB273 /* Debug */,
				5242F5CD215350A2008BB273 /* Release */,
			);
			defaultConfigurationIsVisible = 0;
			defaultConfigurationName = Release;
		};
/* End XCConfigurationList section */
	};
	rootObject = 5242F5A3215350A0008BB273 /* Project object */;
}
